PODS:
  - SwiftLint (0.52.1)
  - SwiftyJSON (4.3.0)

DEPENDENCIES:
  - SwiftLint
  - SwiftyJSON (~> 4.0)

SPEC REPOS:
  trunk:
    - SwiftLint
    - SwiftyJSON

SPEC CHECKSUMS:
  SwiftLint: 437c13044ba689c96b37c66f7c646f46efba7176
  SwiftyJSON: 6faa0040f8b59dead0ee07436cbf76b73c08fd08

PODFILE CHECKSUM: 63ae9fb5ecb2c9465e59078240fc6f4c08061bae

COCOAPODS: 1.12.1
