// !$*UTF8*$!
{
	archiveVersion = 1;
	classes = {
	};
	objectVersion = 56;
	objects = {

/* Begin PBXBuildFile section */
		6D3D34BB2A06683D0052AE68 /* AppDelegate.swift in Sources */ = {isa = PBXBuildFile; fileRef = 6D3D34BA2A06683D0052AE68 /* AppDelegate.swift */; };
		6D3D34BD2A06683D0052AE68 /* SceneDelegate.swift in Sources */ = {isa = PBXBuildFile; fileRef = 6D3D34BC2A06683D0052AE68 /* SceneDelegate.swift */; };
		6D3D34C42A06683E0052AE68 /* Assets.xcassets in Resources */ = {isa = PBXBuildFile; fileRef = 6D3D34C32A06683E0052AE68 /* Assets.xcassets */; };
		6D3D34C72A06683E0052AE68 /* LaunchScreen.storyboard in Resources */ = {isa = PBXBuildFile; fileRef = 6D3D34C52A06683E0052AE68 /* LaunchScreen.storyboard */; };
		6D3D34CF2A0668560052AE68 /* OldFaceTrackingViewController.swift in Sources */ = {isa = PBXBuildFile; fileRef = 6D3D34CE2A0668560052AE68 /* OldFaceTrackingViewController.swift */; };
		6D3D34D12A066FF20052AE68 /* FaceTrackerExtension.swift in Sources */ = {isa = PBXBuildFile; fileRef = 6D3D34D02A066FF20052AE68 /* FaceTrackerExtension.swift */; };
		6D6AE7B72A067BFC00A418D6 /* ARKit.framework in Frameworks */ = {isa = PBXBuildFile; fileRef = 6D6AE7B62A067BFC00A418D6 /* ARKit.framework */; };
		6D6AE7BA2A06907A00A418D6 /* Starscream in Frameworks */ = {isa = PBXBuildFile; productRef = 6D6AE7B92A06907A00A418D6 /* Starscream */; };
		B6EDBB401998C11725E54685 /* Pods_FaceTrackingStreamer.framework in Frameworks */ = {isa = PBXBuildFile; fileRef = 7C90F849032981ACD2A74FE6 /* Pods_FaceTrackingStreamer.framework */; };
		CC0C3A2B2B483E2B00C43AA5 /* DebugMenuViewController.swift in Sources */ = {isa = PBXBuildFile; fileRef = CC0C3A2A2B483E2B00C43AA5 /* DebugMenuViewController.swift */; };
		CC3F81E42B4B286C006EDC95 /* DebugMenuCell.swift in Sources */ = {isa = PBXBuildFile; fileRef = CC3F81E32B4B286C006EDC95 /* DebugMenuCell.swift */; };
		CC3F81E72B4B2923006EDC95 /* FaceTrackingService.swift in Sources */ = {isa = PBXBuildFile; fileRef = CC3F81E62B4B2923006EDC95 /* FaceTrackingService.swift */; };
		CC3F81EB2B4B320F006EDC95 /* BodyTrackingViewController.swift in Sources */ = {isa = PBXBuildFile; fileRef = CC3F81EA2B4B320F006EDC95 /* BodyTrackingViewController.swift */; };
		CC3F81F22B4C1FE2006EDC95 /* robot.usdz in Resources */ = {isa = PBXBuildFile; fileRef = CC3F81F12B4C1FE2006EDC95 /* robot.usdz */; };
		CC3F81FD2B5D5F6C006EDC95 /* UserDefaultsStorage.swift in Sources */ = {isa = PBXBuildFile; fileRef = CC3F81FC2B5D5F6C006EDC95 /* UserDefaultsStorage.swift */; };
		CC3F81FF2B5D6204006EDC95 /* ApiEndpointStorage.swift in Sources */ = {isa = PBXBuildFile; fileRef = CC3F81FE2B5D6204006EDC95 /* ApiEndpointStorage.swift */; };
		CC40BE9F2B5D9FEA004036F3 /* DebugMenuContract.swift in Sources */ = {isa = PBXBuildFile; fileRef = CC40BE9E2B5D9FEA004036F3 /* DebugMenuContract.swift */; };
		CC40BEA12B5D9FFC004036F3 /* DebugMenuPresenter.swift in Sources */ = {isa = PBXBuildFile; fileRef = CC40BEA02B5D9FFC004036F3 /* DebugMenuPresenter.swift */; };
		CC40BEA32B5DA011004036F3 /* DebugMenuModuleAssembly.swift in Sources */ = {isa = PBXBuildFile; fileRef = CC40BEA22B5DA011004036F3 /* DebugMenuModuleAssembly.swift */; };
		CC40BEA62B5DA2C4004036F3 /* IModule.swift in Sources */ = {isa = PBXBuildFile; fileRef = CC40BEA52B5DA2C4004036F3 /* IModule.swift */; };
		CC40BEAA2B5F08F4004036F3 /* FaceTrackingView.swift in Sources */ = {isa = PBXBuildFile; fileRef = CC40BEA92B5F08F4004036F3 /* FaceTrackingView.swift */; };
		CC40BEAD2B5F097A004036F3 /* FaceTrackingContract.swift in Sources */ = {isa = PBXBuildFile; fileRef = CC40BEAC2B5F097A004036F3 /* FaceTrackingContract.swift */; };
		CC40BEB02B5F0D95004036F3 /* StreamSessionManager.swift in Sources */ = {isa = PBXBuildFile; fileRef = CC40BEAF2B5F0D95004036F3 /* StreamSessionManager.swift */; };
		CC40BEB22B5F10B6004036F3 /* FaceTrackingPresenter.swift in Sources */ = {isa = PBXBuildFile; fileRef = CC40BEB12B5F10B6004036F3 /* FaceTrackingPresenter.swift */; };
		CC85ADA52B71807900C91BFD /* StartViewController.swift in Sources */ = {isa = PBXBuildFile; fileRef = CC85ADA42B71807900C91BFD /* StartViewController.swift */; };
		CC85ADA82B71918C00C91BFD /* AuthService.swift in Sources */ = {isa = PBXBuildFile; fileRef = CC85ADA72B71918C00C91BFD /* AuthService.swift */; };
		CC85ADAA2B71931800C91BFD /* RequestManager.swift in Sources */ = {isa = PBXBuildFile; fileRef = CC85ADA92B71931800C91BFD /* RequestManager.swift */; };
		CC85ADAD2B71948700C91BFD /* KeychainWrapper.swift in Sources */ = {isa = PBXBuildFile; fileRef = CC85ADAC2B71948700C91BFD /* KeychainWrapper.swift */; };
		CC85ADAF2B7194A900C91BFD /* KeychainItemAccessibility.swift in Sources */ = {isa = PBXBuildFile; fileRef = CC85ADAE2B7194A900C91BFD /* KeychainItemAccessibility.swift */; };
		CC85ADB12B71960F00C91BFD /* AuthRequest.swift in Sources */ = {isa = PBXBuildFile; fileRef = CC85ADB02B71960F00C91BFD /* AuthRequest.swift */; };
		CC85ADB42B719AF200C91BFD /* AuthViewController.swift in Sources */ = {isa = PBXBuildFile; fileRef = CC85ADB32B719AF200C91BFD /* AuthViewController.swift */; };
		CC85ADB62B719C2A00C91BFD /* AuthPresenter.swift in Sources */ = {isa = PBXBuildFile; fileRef = CC85ADB52B719C2A00C91BFD /* AuthPresenter.swift */; };
		CC85ADB82B719C4500C91BFD /* AuthContract.swift in Sources */ = {isa = PBXBuildFile; fileRef = CC85ADB72B719C4500C91BFD /* AuthContract.swift */; };
/* End PBXBuildFile section */

/* Begin PBXFileReference section */
		6D3D34B72A06683D0052AE68 /* FaceTrackingStreamer.app */ = {isa = PBXFileReference; explicitFileType = wrapper.application; includeInIndex = 0; path = FaceTrackingStreamer.app; sourceTree = BUILT_PRODUCTS_DIR; };
		6D3D34BA2A06683D0052AE68 /* AppDelegate.swift */ = {isa = PBXFileReference; lastKnownFileType = sourcecode.swift; path = AppDelegate.swift; sourceTree = "<group>"; };
		6D3D34BC2A06683D0052AE68 /* SceneDelegate.swift */ = {isa = PBXFileReference; lastKnownFileType = sourcecode.swift; path = SceneDelegate.swift; sourceTree = "<group>"; };
		6D3D34C32A06683E0052AE68 /* Assets.xcassets */ = {isa = PBXFileReference; lastKnownFileType = folder.assetcatalog; path = Assets.xcassets; sourceTree = "<group>"; };
		6D3D34C62A06683E0052AE68 /* Base */ = {isa = PBXFileReference; lastKnownFileType = file.storyboard; name = Base; path = Base.lproj/LaunchScreen.storyboard; sourceTree = "<group>"; };
		6D3D34C82A06683E0052AE68 /* Info.plist */ = {isa = PBXFileReference; lastKnownFileType = text.plist.xml; path = Info.plist; sourceTree = "<group>"; };
		6D3D34CE2A0668560052AE68 /* OldFaceTrackingViewController.swift */ = {isa = PBXFileReference; lastKnownFileType = sourcecode.swift; path = OldFaceTrackingViewController.swift; sourceTree = "<group>"; };
		6D3D34D02A066FF20052AE68 /* FaceTrackerExtension.swift */ = {isa = PBXFileReference; lastKnownFileType = sourcecode.swift; path = FaceTrackerExtension.swift; sourceTree = "<group>"; };
		6D6AE7B62A067BFC00A418D6 /* ARKit.framework */ = {isa = PBXFileReference; lastKnownFileType = wrapper.framework; name = ARKit.framework; path = System/Library/Frameworks/ARKit.framework; sourceTree = SDKROOT; };
		7C90F849032981ACD2A74FE6 /* Pods_FaceTrackingStreamer.framework */ = {isa = PBXFileReference; explicitFileType = wrapper.framework; includeInIndex = 0; path = Pods_FaceTrackingStreamer.framework; sourceTree = BUILT_PRODUCTS_DIR; };
		9BC9ACAF490F0A4FF8B030FC /* Pods-FaceTrackingStreamer.debug.xcconfig */ = {isa = PBXFileReference; includeInIndex = 1; lastKnownFileType = text.xcconfig; name = "Pods-FaceTrackingStreamer.debug.xcconfig"; path = "Target Support Files/Pods-FaceTrackingStreamer/Pods-FaceTrackingStreamer.debug.xcconfig"; sourceTree = "<group>"; };
		CC0C3A2A2B483E2B00C43AA5 /* DebugMenuViewController.swift */ = {isa = PBXFileReference; lastKnownFileType = sourcecode.swift; path = DebugMenuViewController.swift; sourceTree = "<group>"; };
		CC3F81E32B4B286C006EDC95 /* DebugMenuCell.swift */ = {isa = PBXFileReference; lastKnownFileType = sourcecode.swift; path = DebugMenuCell.swift; sourceTree = "<group>"; };
		CC3F81E62B4B2923006EDC95 /* FaceTrackingService.swift */ = {isa = PBXFileReference; lastKnownFileType = sourcecode.swift; path = FaceTrackingService.swift; sourceTree = "<group>"; };
		CC3F81EA2B4B320F006EDC95 /* BodyTrackingViewController.swift */ = {isa = PBXFileReference; lastKnownFileType = sourcecode.swift; path = BodyTrackingViewController.swift; sourceTree = "<group>"; };
		CC3F81F12B4C1FE2006EDC95 /* robot.usdz */ = {isa = PBXFileReference; lastKnownFileType = file.usdz; path = robot.usdz; sourceTree = "<group>"; };
		CC3F81FC2B5D5F6C006EDC95 /* UserDefaultsStorage.swift */ = {isa = PBXFileReference; lastKnownFileType = sourcecode.swift; path = UserDefaultsStorage.swift; sourceTree = "<group>"; };
		CC3F81FE2B5D6204006EDC95 /* ApiEndpointStorage.swift */ = {isa = PBXFileReference; lastKnownFileType = sourcecode.swift; path = ApiEndpointStorage.swift; sourceTree = "<group>"; };
		CC40BE9E2B5D9FEA004036F3 /* DebugMenuContract.swift */ = {isa = PBXFileReference; lastKnownFileType = sourcecode.swift; path = DebugMenuContract.swift; sourceTree = "<group>"; };
		CC40BEA02B5D9FFC004036F3 /* DebugMenuPresenter.swift */ = {isa = PBXFileReference; lastKnownFileType = sourcecode.swift; path = DebugMenuPresenter.swift; sourceTree = "<group>"; };
		CC40BEA22B5DA011004036F3 /* DebugMenuModuleAssembly.swift */ = {isa = PBXFileReference; lastKnownFileType = sourcecode.swift; path = DebugMenuModuleAssembly.swift; sourceTree = "<group>"; };
		CC40BEA52B5DA2C4004036F3 /* IModule.swift */ = {isa = PBXFileReference; lastKnownFileType = sourcecode.swift; path = IModule.swift; sourceTree = "<group>"; };
		CC40BEA92B5F08F4004036F3 /* FaceTrackingView.swift */ = {isa = PBXFileReference; lastKnownFileType = sourcecode.swift; path = FaceTrackingView.swift; sourceTree = "<group>"; };
		CC40BEAC2B5F097A004036F3 /* FaceTrackingContract.swift */ = {isa = PBXFileReference; lastKnownFileType = sourcecode.swift; path = FaceTrackingContract.swift; sourceTree = "<group>"; };
		CC40BEAF2B5F0D95004036F3 /* StreamSessionManager.swift */ = {isa = PBXFileReference; lastKnownFileType = sourcecode.swift; path = StreamSessionManager.swift; sourceTree = "<group>"; };
		CC40BEB12B5F10B6004036F3 /* FaceTrackingPresenter.swift */ = {isa = PBXFileReference; lastKnownFileType = sourcecode.swift; path = FaceTrackingPresenter.swift; sourceTree = "<group>"; };
		CC85ADA42B71807900C91BFD /* StartViewController.swift */ = {isa = PBXFileReference; lastKnownFileType = sourcecode.swift; path = StartViewController.swift; sourceTree = "<group>"; };
		CC85ADA72B71918C00C91BFD /* AuthService.swift */ = {isa = PBXFileReference; lastKnownFileType = sourcecode.swift; path = AuthService.swift; sourceTree = "<group>"; };
		CC85ADA92B71931800C91BFD /* RequestManager.swift */ = {isa = PBXFileReference; lastKnownFileType = sourcecode.swift; path = RequestManager.swift; sourceTree = "<group>"; };
		CC85ADAC2B71948700C91BFD /* KeychainWrapper.swift */ = {isa = PBXFileReference; lastKnownFileType = sourcecode.swift; path = KeychainWrapper.swift; sourceTree = "<group>"; };
		CC85ADAE2B7194A900C91BFD /* KeychainItemAccessibility.swift */ = {isa = PBXFileReference; lastKnownFileType = sourcecode.swift; path = KeychainItemAccessibility.swift; sourceTree = "<group>"; };
		CC85ADB02B71960F00C91BFD /* AuthRequest.swift */ = {isa = PBXFileReference; lastKnownFileType = sourcecode.swift; path = AuthRequest.swift; sourceTree = "<group>"; };
		CC85ADB32B719AF200C91BFD /* AuthViewController.swift */ = {isa = PBXFileReference; lastKnownFileType = sourcecode.swift; path = AuthViewController.swift; sourceTree = "<group>"; };
		CC85ADB52B719C2A00C91BFD /* AuthPresenter.swift */ = {isa = PBXFileReference; lastKnownFileType = sourcecode.swift; path = AuthPresenter.swift; sourceTree = "<group>"; };
		CC85ADB72B719C4500C91BFD /* AuthContract.swift */ = {isa = PBXFileReference; lastKnownFileType = sourcecode.swift; path = AuthContract.swift; sourceTree = "<group>"; };
		E1209DA5110D3EE75E6F4DDA /* Pods-FaceTrackingStreamer.release.xcconfig */ = {isa = PBXFileReference; includeInIndex = 1; lastKnownFileType = text.xcconfig; name = "Pods-FaceTrackingStreamer.release.xcconfig"; path = "Target Support Files/Pods-FaceTrackingStreamer/Pods-FaceTrackingStreamer.release.xcconfig"; sourceTree = "<group>"; };
/* End PBXFileReference section */

/* Begin PBXFrameworksBuildPhase section */
		6D3D34B42A06683D0052AE68 /* Frameworks */ = {
			isa = PBXFrameworksBuildPhase;
			buildActionMask = 2147483647;
			files = (
				6D6AE7B72A067BFC00A418D6 /* ARKit.framework in Frameworks */,
				6D6AE7BA2A06907A00A418D6 /* Starscream in Frameworks */,
				B6EDBB401998C11725E54685 /* Pods_FaceTrackingStreamer.framework in Frameworks */,
			);
			runOnlyForDeploymentPostprocessing = 0;
		};
/* End PBXFrameworksBuildPhase section */

/* Begin PBXGroup section */
		6D3D34AE2A06683D0052AE68 = {
			isa = PBXGroup;
			children = (
				6D3D34B92A06683D0052AE68 /* FaceTrackingStreamer */,
				6D3D34B82A06683D0052AE68 /* Products */,
				6D6AE7B52A067BFC00A418D6 /* Frameworks */,
				705D7C0E44D96DE69F81C189 /* Pods */,
			);
			sourceTree = "<group>";
		};
		6D3D34B82A06683D0052AE68 /* Products */ = {
			isa = PBXGroup;
			children = (
				6D3D34B72A06683D0052AE68 /* FaceTrackingStreamer.app */,
			);
			name = Products;
			sourceTree = "<group>";
		};
		6D3D34B92A06683D0052AE68 /* FaceTrackingStreamer */ = {
			isa = PBXGroup;
			children = (
				CC3F81F42B4C2151006EDC95 /* Resources */,
				CC0C3A2C2B483E4500C43AA5 /* Common */,
				CC0C3A252B4832E100C43AA5 /* Core */,
				CC0C3A262B4832E900C43AA5 /* Modules */,
				6D3D34C32A06683E0052AE68 /* Assets.xcassets */,
				6D3D34C52A06683E0052AE68 /* LaunchScreen.storyboard */,
				6D3D34C82A06683E0052AE68 /* Info.plist */,
			);
			path = FaceTrackingStreamer;
			sourceTree = "<group>";
		};
		6D6AE7B52A067BFC00A418D6 /* Frameworks */ = {
			isa = PBXGroup;
			children = (
				6D6AE7B62A067BFC00A418D6 /* ARKit.framework */,
				7C90F849032981ACD2A74FE6 /* Pods_FaceTrackingStreamer.framework */,
			);
			name = Frameworks;
			sourceTree = "<group>";
		};
		705D7C0E44D96DE69F81C189 /* Pods */ = {
			isa = PBXGroup;
			children = (
				9BC9ACAF490F0A4FF8B030FC /* Pods-FaceTrackingStreamer.debug.xcconfig */,
				E1209DA5110D3EE75E6F4DDA /* Pods-FaceTrackingStreamer.release.xcconfig */,
			);
			path = Pods;
			sourceTree = "<group>";
		};
		CC0C3A252B4832E100C43AA5 /* Core */ = {
			isa = PBXGroup;
			children = (
				CC40BEA42B5DA2B4004036F3 /* Routing */,
				CC3F81FB2B5D5F10006EDC95 /* Storage */,
				CC0C3A2D2B483E5500C43AA5 /* Services */,
			);
			path = Core;
			sourceTree = "<group>";
		};
		CC0C3A262B4832E900C43AA5 /* Modules */ = {
			isa = PBXGroup;
			children = (
				CC85ADB22B719AE200C91BFD /* Auth */,
				CC0C3A292B483E0D00C43AA5 /* Streaming */,
				CC0C3A282B483DFE00C43AA5 /* Chat */,
				CC0C3A272B483DED00C43AA5 /* DebugMenu */,
			);
			path = Modules;
			sourceTree = "<group>";
		};
		CC0C3A272B483DED00C43AA5 /* DebugMenu */ = {
			isa = PBXGroup;
			children = (
				CC3F81E22B4B2843006EDC95 /* Views */,
				CC0C3A2A2B483E2B00C43AA5 /* DebugMenuViewController.swift */,
				CC40BE9E2B5D9FEA004036F3 /* DebugMenuContract.swift */,
				CC40BEA02B5D9FFC004036F3 /* DebugMenuPresenter.swift */,
				CC40BEA22B5DA011004036F3 /* DebugMenuModuleAssembly.swift */,
			);
			path = DebugMenu;
			sourceTree = "<group>";
		};
		CC0C3A282B483DFE00C43AA5 /* Chat */ = {
			isa = PBXGroup;
			children = (
			);
			path = Chat;
			sourceTree = "<group>";
		};
		CC0C3A292B483E0D00C43AA5 /* Streaming */ = {
			isa = PBXGroup;
			children = (
				CC40BEAE2B5F0D7B004036F3 /* Common */,
				CC3F81E92B4B31D9006EDC95 /* Face */,
				CC3F81E82B4B31D3006EDC95 /* Body */,
			);
			path = Streaming;
			sourceTree = "<group>";
		};
		CC0C3A2C2B483E4500C43AA5 /* Common */ = {
			isa = PBXGroup;
			children = (
				CC40BEA72B5DA2E7004036F3 /* Kit */,
				6D3D34BA2A06683D0052AE68 /* AppDelegate.swift */,
				6D3D34BC2A06683D0052AE68 /* SceneDelegate.swift */,
			);
			path = Common;
			sourceTree = "<group>";
		};
		CC0C3A2D2B483E5500C43AA5 /* Services */ = {
			isa = PBXGroup;
			children = (
				CC85ADA62B71917900C91BFD /* Auth */,
				CC3F81E52B4B28F3006EDC95 /* FaceTracking */,
			);
			path = Services;
			sourceTree = "<group>";
		};
		CC3F81E22B4B2843006EDC95 /* Views */ = {
			isa = PBXGroup;
			children = (
				CC3F81E32B4B286C006EDC95 /* DebugMenuCell.swift */,
			);
			path = Views;
			sourceTree = "<group>";
		};
		CC3F81E52B4B28F3006EDC95 /* FaceTracking */ = {
			isa = PBXGroup;
			children = (
				CC3F81E62B4B2923006EDC95 /* FaceTrackingService.swift */,
			);
			path = FaceTracking;
			sourceTree = "<group>";
		};
		CC3F81E82B4B31D3006EDC95 /* Body */ = {
			isa = PBXGroup;
			children = (
				CC3F81EA2B4B320F006EDC95 /* BodyTrackingViewController.swift */,
			);
			path = Body;
			sourceTree = "<group>";
		};
		CC3F81E92B4B31D9006EDC95 /* Face */ = {
			isa = PBXGroup;
			children = (
				CC40BEAB2B5F0915004036F3 /* Views */,
				6D3D34D02A066FF20052AE68 /* FaceTrackerExtension.swift */,
				CC40BEAC2B5F097A004036F3 /* FaceTrackingContract.swift */,
				CC40BEB12B5F10B6004036F3 /* FaceTrackingPresenter.swift */,
			);
			path = Face;
			sourceTree = "<group>";
		};
		CC3F81F42B4C2151006EDC95 /* Resources */ = {
			isa = PBXGroup;
			children = (
				CC3F81F12B4C1FE2006EDC95 /* robot.usdz */,
			);
			path = Resources;
			sourceTree = "<group>";
		};
		CC3F81FB2B5D5F10006EDC95 /* Storage */ = {
			isa = PBXGroup;
			children = (
				CC3F81FE2B5D6204006EDC95 /* ApiEndpointStorage.swift */,
			);
			path = Storage;
			sourceTree = "<group>";
		};
		CC40BEA42B5DA2B4004036F3 /* Routing */ = {
			isa = PBXGroup;
			children = (
				CC40BEA52B5DA2C4004036F3 /* IModule.swift */,
			);
			path = Routing;
			sourceTree = "<group>";
		};
		CC40BEA72B5DA2E7004036F3 /* Kit */ = {
			isa = PBXGroup;
			children = (
				CC85ADAB2B71947100C91BFD /* KeychainWrapper */,
				CC3F81FC2B5D5F6C006EDC95 /* UserDefaultsStorage.swift */,
				CC85ADA92B71931800C91BFD /* RequestManager.swift */,
			);
			path = Kit;
			sourceTree = "<group>";
		};
		CC40BEAB2B5F0915004036F3 /* Views */ = {
			isa = PBXGroup;
			children = (
				CC40BEA92B5F08F4004036F3 /* FaceTrackingView.swift */,
				6D3D34CE2A0668560052AE68 /* OldFaceTrackingViewController.swift */,
			);
			path = Views;
			sourceTree = "<group>";
		};
		CC40BEAE2B5F0D7B004036F3 /* Common */ = {
			isa = PBXGroup;
			children = (
				CC40BEAF2B5F0D95004036F3 /* StreamSessionManager.swift */,
				CC85ADA42B71807900C91BFD /* StartViewController.swift */,
			);
			path = Common;
			sourceTree = "<group>";
		};
		CC85ADA62B71917900C91BFD /* Auth */ = {
			isa = PBXGroup;
			children = (
				CC85ADA72B71918C00C91BFD /* AuthService.swift */,
				CC85ADB02B71960F00C91BFD /* AuthRequest.swift */,
			);
			path = Auth;
			sourceTree = "<group>";
		};
		CC85ADAB2B71947100C91BFD /* KeychainWrapper */ = {
			isa = PBXGroup;
			children = (
				CC85ADAC2B71948700C91BFD /* KeychainWrapper.swift */,
				CC85ADAE2B7194A900C91BFD /* KeychainItemAccessibility.swift */,
			);
			path = KeychainWrapper;
			sourceTree = "<group>";
		};
		CC85ADB22B719AE200C91BFD /* Auth */ = {
			isa = PBXGroup;
			children = (
				CC85ADB32B719AF200C91BFD /* AuthViewController.swift */,
				CC85ADB52B719C2A00C91BFD /* AuthPresenter.swift */,
				CC85ADB72B719C4500C91BFD /* AuthContract.swift */,
			);
			path = Auth;
			sourceTree = "<group>";
		};
/* End PBXGroup section */

/* Begin PBXNativeTarget section */
		6D3D34B62A06683D0052AE68 /* FaceTrackingStreamer */ = {
			isa = PBXNativeTarget;
			buildConfigurationList = 6D3D34CB2A06683E0052AE68 /* Build configuration list for PBXNativeTarget "FaceTrackingStreamer" */;
			buildPhases = (
				9869F6C01401BAE586529B61 /* [CP] Check Pods Manifest.lock */,
				6D3D34B32A06683D0052AE68 /* Sources */,
				6D3D34B42A06683D0052AE68 /* Frameworks */,
				6D3D34B52A06683D0052AE68 /* Resources */,
				196B3F0706C48B628A7C7F31 /* [CP] Embed Pods Frameworks */,
			);
			buildRules = (
			);
			dependencies = (
			);
			name = FaceTrackingStreamer;
			packageProductDependencies = (
				6D6AE7B92A06907A00A418D6 /* Starscream */,
			);
			productName = FaceTrackingStreamer;
			productReference = 6D3D34B72A06683D0052AE68 /* FaceTrackingStreamer.app */;
			productType = "com.apple.product-type.application";
		};
/* End PBXNativeTarget section */

/* Begin PBXProject section */
		6D3D34AF2A06683D0052AE68 /* Project object */ = {
			isa = PBXProject;
			attributes = {
				BuildIndependentTargetsInParallel = 1;
				LastSwiftUpdateCheck = 1430;
				LastUpgradeCheck = 1430;
				TargetAttributes = {
					6D3D34B62A06683D0052AE68 = {
						CreatedOnToolsVersion = 14.3;
					};
				};
			};
			buildConfigurationList = 6D3D34B22A06683D0052AE68 /* Build configuration list for PBXProject "FaceTrackingStreamer" */;
			compatibilityVersion = "Xcode 14.0";
			developmentRegion = en;
			hasScannedForEncodings = 0;
			knownRegions = (
				en,
				Base,
			);
			mainGroup = 6D3D34AE2A06683D0052AE68;
			packageReferences = (
				6D6AE7B82A06907A00A418D6 /* XCRemoteSwiftPackageReference "Starscream" */,
			);
			productRefGroup = 6D3D34B82A06683D0052AE68 /* Products */;
			projectDirPath = "";
			projectRoot = "";
			targets = (
				6D3D34B62A06683D0052AE68 /* FaceTrackingStreamer */,
			);
		};
/* End PBXProject section */

/* Begin PBXResourcesBuildPhase section */
		6D3D34B52A06683D0052AE68 /* Resources */ = {
			isa = PBXResourcesBuildPhase;
			buildActionMask = 2147483647;
			files = (
				6D3D34C72A06683E0052AE68 /* LaunchScreen.storyboard in Resources */,
				CC3F81F22B4C1FE2006EDC95 /* robot.usdz in Resources */,
				6D3D34C42A06683E0052AE68 /* Assets.xcassets in Resources */,
			);
			runOnlyForDeploymentPostprocessing = 0;
		};
/* End PBXResourcesBuildPhase section */

/* Begin PBXShellScriptBuildPhase section */
		196B3F0706C48B628A7C7F31 /* [CP] Embed Pods Frameworks */ = {
			isa = PBXShellScriptBuildPhase;
			buildActionMask = 2147483647;
			files = (
			);
			inputFileListPaths = (
				"${PODS_ROOT}/Target Support Files/Pods-FaceTrackingStreamer/Pods-FaceTrackingStreamer-frameworks-${CONFIGURATION}-input-files.xcfilelist",
			);
			name = "[CP] Embed Pods Frameworks";
			outputFileListPaths = (
				"${PODS_ROOT}/Target Support Files/Pods-FaceTrackingStreamer/Pods-FaceTrackingStreamer-frameworks-${CONFIGURATION}-output-files.xcfilelist",
			);
			runOnlyForDeploymentPostprocessing = 0;
			shellPath = /bin/sh;
			shellScript = "\"${PODS_ROOT}/Target Support Files/Pods-FaceTrackingStreamer/Pods-FaceTrackingStreamer-frameworks.sh\"\n";
			showEnvVarsInLog = 0;
		};
		9869F6C01401BAE586529B61 /* [CP] Check Pods Manifest.lock */ = {
			isa = PBXShellScriptBuildPhase;
			buildActionMask = 2147483647;
			files = (
			);
			inputFileListPaths = (
			);
			inputPaths = (
				"${PODS_PODFILE_DIR_PATH}/Podfile.lock",
				"${PODS_ROOT}/Manifest.lock",
			);
			name = "[CP] Check Pods Manifest.lock";
			outputFileListPaths = (
			);
			outputPaths = (
				"$(DERIVED_FILE_DIR)/Pods-FaceTrackingStreamer-checkManifestLockResult.txt",
			);
			runOnlyForDeploymentPostprocessing = 0;
			shellPath = /bin/sh;
			shellScript = "diff \"${PODS_PODFILE_DIR_PATH}/Podfile.lock\" \"${PODS_ROOT}/Manifest.lock\" > /dev/null\nif [ $? != 0 ] ; then\n    # print error to STDERR\n    echo \"error: The sandbox is not in sync with the Podfile.lock. Run 'pod install' or update your CocoaPods installation.\" >&2\n    exit 1\nfi\n# This output is used by Xcode 'outputs' to avoid re-running this script phase.\necho \"SUCCESS\" > \"${SCRIPT_OUTPUT_FILE_0}\"\n";
			showEnvVarsInLog = 0;
		};
/* End PBXShellScriptBuildPhase section */

/* Begin PBXSourcesBuildPhase section */
		6D3D34B32A06683D0052AE68 /* Sources */ = {
			isa = PBXSourcesBuildPhase;
			buildActionMask = 2147483647;
			files = (
				6D3D34CF2A0668560052AE68 /* OldFaceTrackingViewController.swift in Sources */,
				CC40BEB02B5F0D95004036F3 /* StreamSessionManager.swift in Sources */,
				6D3D34D12A066FF20052AE68 /* FaceTrackerExtension.swift in Sources */,
				CC85ADB82B719C4500C91BFD /* AuthContract.swift in Sources */,
				CC85ADAD2B71948700C91BFD /* KeychainWrapper.swift in Sources */,
				CC40BEA32B5DA011004036F3 /* DebugMenuModuleAssembly.swift in Sources */,
				CC40BEAA2B5F08F4004036F3 /* FaceTrackingView.swift in Sources */,
				CC3F81E42B4B286C006EDC95 /* DebugMenuCell.swift in Sources */,
				CC40BEB22B5F10B6004036F3 /* FaceTrackingPresenter.swift in Sources */,
				CC85ADA82B71918C00C91BFD /* AuthService.swift in Sources */,
				CC40BEAD2B5F097A004036F3 /* FaceTrackingContract.swift in Sources */,
				CC0C3A2B2B483E2B00C43AA5 /* DebugMenuViewController.swift in Sources */,
				CC85ADAF2B7194A900C91BFD /* KeychainItemAccessibility.swift in Sources */,
				CC85ADB62B719C2A00C91BFD /* AuthPresenter.swift in Sources */,
				CC40BEA62B5DA2C4004036F3 /* IModule.swift in Sources */,
				6D3D34BB2A06683D0052AE68 /* AppDelegate.swift in Sources */,
				CC3F81E72B4B2923006EDC95 /* FaceTrackingService.swift in Sources */,
				CC85ADB12B71960F00C91BFD /* AuthRequest.swift in Sources */,
				CC40BE9F2B5D9FEA004036F3 /* DebugMenuContract.swift in Sources */,
				CC85ADB42B719AF200C91BFD /* AuthViewController.swift in Sources */,
				CC3F81EB2B4B320F006EDC95 /* BodyTrackingViewController.swift in Sources */,
				CC85ADA52B71807900C91BFD /* StartViewController.swift in Sources */,
				CC3F81FF2B5D6204006EDC95 /* ApiEndpointStorage.swift in Sources */,
				CC3F81FD2B5D5F6C006EDC95 /* UserDefaultsStorage.swift in Sources */,
				CC85ADAA2B71931800C91BFD /* RequestManager.swift in Sources */,
				6D3D34BD2A06683D0052AE68 /* SceneDelegate.swift in Sources */,
				CC40BEA12B5D9FFC004036F3 /* DebugMenuPresenter.swift in Sources */,
			);
			runOnlyForDeploymentPostprocessing = 0;
		};
/* End PBXSourcesBuildPhase section */

/* Begin PBXVariantGroup section */
		6D3D34C52A06683E0052AE68 /* LaunchScreen.storyboard */ = {
			isa = PBXVariantGroup;
			children = (
				6D3D34C62A06683E0052AE68 /* Base */,
			);
			name = LaunchScreen.storyboard;
			sourceTree = "<group>";
		};
/* End PBXVariantGroup section */

/* Begin XCBuildConfiguration section */
		6D3D34C92A06683E0052AE68 /* Debug */ = {
			isa = XCBuildConfiguration;
			buildSettings = {
				ALWAYS_SEARCH_USER_PATHS = NO;
				CLANG_ANALYZER_NONNULL = YES;
				CLANG_ANALYZER_NUMBER_OBJECT_CONVERSION = YES_AGGRESSIVE;
				CLANG_CXX_LANGUAGE_STANDARD = "gnu++20";
				CLANG_ENABLE_MODULES = YES;
				CLANG_ENABLE_OBJC_ARC = YES;
				CLANG_ENABLE_OBJC_WEAK = YES;
				CLANG_WARN_BLOCK_CAPTURE_AUTORELEASING = YES;
				CLANG_WARN_BOOL_CONVERSION = YES;
				CLANG_WARN_COMMA = YES;
				CLANG_WARN_CONSTANT_CONVERSION = YES;
				CLANG_WARN_DEPRECATED_OBJC_IMPLEMENTATIONS = YES;
				CLANG_WARN_DIRECT_OBJC_ISA_USAGE = YES_ERROR;
				CLANG_WARN_DOCUMENTATION_COMMENTS = YES;
				CLANG_WARN_EMPTY_BODY = YES;
				CLANG_WARN_ENUM_CONVERSION = YES;
				CLANG_WARN_INFINITE_RECURSION = YES;
				CLANG_WARN_INT_CONVERSION = YES;
				CLANG_WARN_NON_LITERAL_NULL_CONVERSION = YES;
				CLANG_WARN_OBJC_IMPLICIT_RETAIN_SELF = YES;
				CLANG_WARN_OBJC_LITERAL_CONVERSION = YES;
				CLANG_WARN_OBJC_ROOT_CLASS = YES_ERROR;
				CLANG_WARN_QUOTED_INCLUDE_IN_FRAMEWORK_HEADER = YES;
				CLANG_WARN_RANGE_LOOP_ANALYSIS = YES;
				CLANG_WARN_STRICT_PROTOTYPES = YES;
				CLANG_WARN_SUSPICIOUS_MOVE = YES;
				CLANG_WARN_UNGUARDED_AVAILABILITY = YES_AGGRESSIVE;
				CLANG_WARN_UNREACHABLE_CODE = YES;
				CLANG_WARN__DUPLICATE_METHOD_MATCH = YES;
				COPY_PHASE_STRIP = NO;
				DEBUG_INFORMATION_FORMAT = dwarf;
				ENABLE_STRICT_OBJC_MSGSEND = YES;
				ENABLE_TESTABILITY = YES;
				GCC_C_LANGUAGE_STANDARD = gnu11;
				GCC_DYNAMIC_NO_PIC = NO;
				GCC_NO_COMMON_BLOCKS = YES;
				GCC_OPTIMIZATION_LEVEL = 0;
				GCC_PREPROCESSOR_DEFINITIONS = (
					"DEBUG=1",
					"$(inherited)",
				);
				GCC_WARN_64_TO_32_BIT_CONVERSION = YES;
				GCC_WARN_ABOUT_RETURN_TYPE = YES_ERROR;
				GCC_WARN_UNDECLARED_SELECTOR = YES;
				GCC_WARN_UNINITIALIZED_AUTOS = YES_AGGRESSIVE;
				GCC_WARN_UNUSED_FUNCTION = YES;
				GCC_WARN_UNUSED_VARIABLE = YES;
				IPHONEOS_DEPLOYMENT_TARGET = 16.4;
				MTL_ENABLE_DEBUG_INFO = INCLUDE_SOURCE;
				MTL_FAST_MATH = YES;
				ONLY_ACTIVE_ARCH = YES;
				SDKROOT = iphoneos;
				SWIFT_ACTIVE_COMPILATION_CONDITIONS = DEBUG;
				SWIFT_OPTIMIZATION_LEVEL = "-Onone";
			};
			name = Debug;
		};
		6D3D34CA2A06683E0052AE68 /* Release */ = {
			isa = XCBuildConfiguration;
			buildSettings = {
				ALWAYS_SEARCH_USER_PATHS = NO;
				CLANG_ANALYZER_NONNULL = YES;
				CLANG_ANALYZER_NUMBER_OBJECT_CONVERSION = YES_AGGRESSIVE;
				CLANG_CXX_LANGUAGE_STANDARD = "gnu++20";
				CLANG_ENABLE_MODULES = YES;
				CLANG_ENABLE_OBJC_ARC = YES;
				CLANG_ENABLE_OBJC_WEAK = YES;
				CLANG_WARN_BLOCK_CAPTURE_AUTORELEASING = YES;
				CLANG_WARN_BOOL_CONVERSION = YES;
				CLANG_WARN_COMMA = YES;
				CLANG_WARN_CONSTANT_CONVERSION = YES;
				CLANG_WARN_DEPRECATED_OBJC_IMPLEMENTATIONS = YES;
				CLANG_WARN_DIRECT_OBJC_ISA_USAGE = YES_ERROR;
				CLANG_WARN_DOCUMENTATION_COMMENTS = YES;
				CLANG_WARN_EMPTY_BODY = YES;
				CLANG_WARN_ENUM_CONVERSION = YES;
				CLANG_WARN_INFINITE_RECURSION = YES;
				CLANG_WARN_INT_CONVERSION = YES;
				CLANG_WARN_NON_LITERAL_NULL_CONVERSION = YES;
				CLANG_WARN_OBJC_IMPLICIT_RETAIN_SELF = YES;
				CLANG_WARN_OBJC_LITERAL_CONVERSION = YES;
				CLANG_WARN_OBJC_ROOT_CLASS = YES_ERROR;
				CLANG_WARN_QUOTED_INCLUDE_IN_FRAMEWORK_HEADER = YES;
				CLANG_WARN_RANGE_LOOP_ANALYSIS = YES;
				CLANG_WARN_STRICT_PROTOTYPES = YES;
				CLANG_WARN_SUSPICIOUS_MOVE = YES;
				CLANG_WARN_UNGUARDED_AVAILABILITY = YES_AGGRESSIVE;
				CLANG_WARN_UNREACHABLE_CODE = YES;
				CLANG_WARN__DUPLICATE_METHOD_MATCH = YES;
				COPY_PHASE_STRIP = NO;
				DEBUG_INFORMATION_FORMAT = "dwarf-with-dsym";
				ENABLE_NS_ASSERTIONS = NO;
				ENABLE_STRICT_OBJC_MSGSEND = YES;
				GCC_C_LANGUAGE_STANDARD = gnu11;
				GCC_NO_COMMON_BLOCKS = YES;
				GCC_WARN_64_TO_32_BIT_CONVERSION = YES;
				GCC_WARN_ABOUT_RETURN_TYPE = YES_ERROR;
				GCC_WARN_UNDECLARED_SELECTOR = YES;
				GCC_WARN_UNINITIALIZED_AUTOS = YES_AGGRESSIVE;
				GCC_WARN_UNUSED_FUNCTION = YES;
				GCC_WARN_UNUSED_VARIABLE = YES;
				IPHONEOS_DEPLOYMENT_TARGET = 16.4;
				MTL_ENABLE_DEBUG_INFO = NO;
				MTL_FAST_MATH = YES;
				SDKROOT = iphoneos;
				SWIFT_COMPILATION_MODE = wholemodule;
				SWIFT_OPTIMIZATION_LEVEL = "-O";
				VALIDATE_PRODUCT = YES;
			};
			name = Release;
		};
		6D3D34CC2A06683E0052AE68 /* Debug */ = {
			isa = XCBuildConfiguration;
			baseConfigurationReference = 9BC9ACAF490F0A4FF8B030FC /* Pods-FaceTrackingStreamer.debug.xcconfig */;
			buildSettings = {
				ASSETCATALOG_COMPILER_APPICON_NAME = AppIcon;
				ASSETCATALOG_COMPILER_GLOBAL_ACCENT_COLOR_NAME = AccentColor;
				CODE_SIGN_STYLE = Automatic;
				CURRENT_PROJECT_VERSION = 1;
				DEVELOPMENT_TEAM = 6W4YQAZL38;
				GENERATE_INFOPLIST_FILE = YES;
				INFOPLIST_FILE = FaceTrackingStreamer/Info.plist;
				INFOPLIST_KEY_NSCameraUsageDescription = "Use your camera to track face";
				INFOPLIST_KEY_NSLocalNetworkUsageDescription = "Use network to transfer face tracking data";
				INFOPLIST_KEY_UIApplicationSupportsIndirectInputEvents = YES;
				INFOPLIST_KEY_UILaunchStoryboardName = LaunchScreen;
				INFOPLIST_KEY_UISupportedInterfaceOrientations_iPad = "UIInterfaceOrientationPortrait UIInterfaceOrientationPortraitUpsideDown UIInterfaceOrientationLandscapeLeft UIInterfaceOrientationLandscapeRight";
				INFOPLIST_KEY_UISupportedInterfaceOrientations_iPhone = "UIInterfaceOrientationPortrait UIInterfaceOrientationLandscapeLeft UIInterfaceOrientationLandscapeRight";
				IPHONEOS_DEPLOYMENT_TARGET = 16.0;
				LD_RUNPATH_SEARCH_PATHS = (
					"$(inherited)",
					"@executable_path/Frameworks",
				);
				MARKETING_VERSION = 1.0;
				PRODUCT_BUNDLE_IDENTIFIER = com.teddyzxcv.HSE.FaceTrackingStreamer;
				PRODUCT_NAME = "$(TARGET_NAME)";
				SWIFT_EMIT_LOC_STRINGS = YES;
				SWIFT_VERSION = 5.0;
				TARGETED_DEVICE_FAMILY = "1,2";
			};
			name = Debug;
		};
		6D3D34CD2A06683E0052AE68 /* Release */ = {
			isa = XCBuildConfiguration;
			baseConfigurationReference = E1209DA5110D3EE75E6F4DDA /* Pods-FaceTrackingStreamer.release.xcconfig */;
			buildSettings = {
				ASSETCATALOG_COMPILER_APPICON_NAME = AppIcon;
				ASSETCATALOG_COMPILER_GLOBAL_ACCENT_COLOR_NAME = AccentColor;
				CODE_SIGN_STYLE = Automatic;
				CURRENT_PROJECT_VERSION = 1;
				DEVELOPMENT_TEAM = 6W4YQAZL38;
				GENERATE_INFOPLIST_FILE = YES;
				INFOPLIST_FILE = FaceTrackingStreamer/Info.plist;
				INFOPLIST_KEY_NSCameraUsageDescription = "Use your camera to track face";
				INFOPLIST_KEY_NSLocalNetworkUsageDescription = "Use network to transfer face tracking data";
				INFOPLIST_KEY_UIApplicationSupportsIndirectInputEvents = YES;
				INFOPLIST_KEY_UILaunchStoryboardName = LaunchScreen;
				INFOPLIST_KEY_UISupportedInterfaceOrientations_iPad = "UIInterfaceOrientationPortrait UIInterfaceOrientationPortraitUpsideDown UIInterfaceOrientationLandscapeLeft UIInterfaceOrientationLandscapeRight";
				INFOPLIST_KEY_UISupportedInterfaceOrientations_iPhone = "UIInterfaceOrientationPortrait UIInterfaceOrientationLandscapeLeft UIInterfaceOrientationLandscapeRight";
				IPHONEOS_DEPLOYMENT_TARGET = 16.0;
				LD_RUNPATH_SEARCH_PATHS = (
					"$(inherited)",
					"@executable_path/Frameworks",
				);
				MARKETING_VERSION = 1.0;
				PRODUCT_BUNDLE_IDENTIFIER = com.teddyzxcv.HSE.FaceTrackingStreamer;
				PRODUCT_NAME = "$(TARGET_NAME)";
				SWIFT_EMIT_LOC_STRINGS = YES;
				SWIFT_VERSION = 5.0;
				TARGETED_DEVICE_FAMILY = "1,2";
			};
			name = Release;
		};
/* End XCBuildConfiguration section */

/* Begin XCConfigurationList section */
		6D3D34B22A06683D0052AE68 /* Build configuration list for PBXProject "FaceTrackingStreamer" */ = {
			isa = XCConfigurationList;
			buildConfigurations = (
				6D3D34C92A06683E0052AE68 /* Debug */,
				6D3D34CA2A06683E0052AE68 /* Release */,
			);
			defaultConfigurationIsVisible = 0;
			defaultConfigurationName = Release;
		};
		6D3D34CB2A06683E0052AE68 /* Build configuration list for PBXNativeTarget "FaceTrackingStreamer" */ = {
			isa = XCConfigurationList;
			buildConfigurations = (
				6D3D34CC2A06683E0052AE68 /* Debug */,
				6D3D34CD2A06683E0052AE68 /* Release */,
			);
			defaultConfigurationIsVisible = 0;
			defaultConfigurationName = Release;
		};
/* End XCConfigurationList section */

/* Begin XCRemoteSwiftPackageReference section */
		6D6AE7B82A06907A00A418D6 /* XCRemoteSwiftPackageReference "Starscream" */ = {
			isa = XCRemoteSwiftPackageReference;
			repositoryURL = "https://github.com/daltoniam/Starscream.git";
			requirement = {
				kind = upToNextMajorVersion;
				minimumVersion = 4.0.0;
			};
		};
/* End XCRemoteSwiftPackageReference section */

/* Begin XCSwiftPackageProductDependency section */
		6D6AE7B92A06907A00A418D6 /* Starscream */ = {
			isa = XCSwiftPackageProductDependency;
			package = 6D6AE7B82A06907A00A418D6 /* XCRemoteSwiftPackageReference "Starscream" */;
			productName = Starscream;
		};
/* End XCSwiftPackageProductDependency section */
	};
	rootObject = 6D3D34AF2A06683D0052AE68 /* Project object */;
}
